// !$*UTF8*$!
{
	archiveVersion = 1;
	classes = {
	};
	objectVersion = 56;
	objects = {

/* Begin PBXBuildFile section */
		487A51DA297D34AD006516CA /* AppDelegate.swift in Sources */ = {isa = PBXBuildFile; fileRef = 487A51D9297D34AD006516CA /* AppDelegate.swift */; };
		487A51DC297D34AD006516CA /* SceneDelegate.swift in Sources */ = {isa = PBXBuildFile; fileRef = 487A51DB297D34AD006516CA /* SceneDelegate.swift */; };
		487A51DE297D34AD006516CA /* CalculateViewController.swift in Sources */ = {isa = PBXBuildFile; fileRef = 487A51DD297D34AD006516CA /* CalculateViewController.swift */; };
		487A51E1297D34AD006516CA /* Main.storyboard in Resources */ = {isa = PBXBuildFile; fileRef = 487A51DF297D34AD006516CA /* Main.storyboard */; };
		487A51E3297D34AE006516CA /* Assets.xcassets in Resources */ = {isa = PBXBuildFile; fileRef = 487A51E2297D34AE006516CA /* Assets.xcassets */; };
		487A51E6297D34AE006516CA /* LaunchScreen.storyboard in Resources */ = {isa = PBXBuildFile; fileRef = 487A51E4297D34AE006516CA /* LaunchScreen.storyboard */; };
		48EB204F2986837E00D7EAC2 /* Bmi.swift in Sources */ = {isa = PBXBuildFile; fileRef = 48EB204E2986837E00D7EAC2 /* Bmi.swift */; };
		48EF7E9C297FCBB500205B30 /* ResultViewController.swift in Sources */ = {isa = PBXBuildFile; fileRef = 48EF7E9B297FCBB500205B30 /* ResultViewController.swift */; };
		48EF7E9E297FF10C00205B30 /* CalculatorBrain.swift in Sources */ = {isa = PBXBuildFile; fileRef = 48EF7E9D297FF10C00205B30 /* CalculatorBrain.swift */; };
/* End PBXBuildFile section */

/* Begin PBXFileReference section */
		487A51D6297D34AD006516CA /* BMICALCULATOR.app */ = {isa = PBXFileReference; explicitFileType = wrapper.application; includeInIndex = 0; path = BMICALCULATOR.app; sourceTree = BUILT_PRODUCTS_DIR; };
		487A51D9297D34AD006516CA /* AppDelegate.swift */ = {isa = PBXFileReference; lastKnownFileType = sourcecode.swift; path = AppDelegate.swift; sourceTree = "<group>"; };
		487A51DB297D34AD006516CA /* SceneDelegate.swift */ = {isa = PBXFileReference; lastKnownFileType = sourcecode.swift; path = SceneDelegate.swift; sourceTree = "<group>"; };
		487A51DD297D34AD006516CA /* CalculateViewController.swift */ = {isa = PBXFileReference; lastKnownFileType = sourcecode.swift; path = CalculateViewController.swift; sourceTree = "<group>"; };
		487A51E0297D34AD006516CA /* Base */ = {isa = PBXFileReference; lastKnownFileType = file.storyboard; name = Base; path = Base.lproj/Main.storyboard; sourceTree = "<group>"; };
		487A51E2297D34AE006516CA /* Assets.xcassets */ = {isa = PBXFileReference; lastKnownFileType = folder.assetcatalog; path = Assets.xcassets; sourceTree = "<group>"; };
		487A51E5297D34AE006516CA /* Base */ = {isa = PBXFileReference; lastKnownFileType = file.storyboard; name = Base; path = Base.lproj/LaunchScreen.storyboard; sourceTree = "<group>"; };
		487A51E7297D34AE006516CA /* Info.plist */ = {isa = PBXFileReference; lastKnownFileType = text.plist.xml; path = Info.plist; sourceTree = "<group>"; };
		48EB204E2986837E00D7EAC2 /* Bmi.swift */ = {isa = PBXFileReference; lastKnownFileType = sourcecode.swift; path = Bmi.swift; sourceTree = "<group>"; };
		48EF7E9B297FCBB500205B30 /* ResultViewController.swift */ = {isa = PBXFileReference; lastKnownFileType = sourcecode.swift; path = ResultViewController.swift; sourceTree = "<group>"; };
		48EF7E9D297FF10C00205B30 /* CalculatorBrain.swift */ = {isa = PBXFileReference; lastKnownFileType = sourcecode.swift; path = CalculatorBrain.swift; sourceTree = "<group>"; };
/* End PBXFileReference section */

/* Begin PBXFrameworksBuildPhase section */
		487A51D3297D34AD006516CA /* Frameworks */ = {
			isa = PBXFrameworksBuildPhase;
			buildActionMask = 2147483647;
			files = (
			);
			runOnlyForDeploymentPostprocessing = 0;
		};
/* End PBXFrameworksBuildPhase section */

/* Begin PBXGroup section */
		487A51CD297D34AD006516CA = {
			isa = PBXGroup;
			children = (
				487A51D8297D34AD006516CA /* BMICALCULATOR */,
				487A51D7297D34AD006516CA /* Products */,
			);
			sourceTree = "<group>";
		};
		487A51D7297D34AD006516CA /* Products */ = {
			isa = PBXGroup;
			children = (
				487A51D6297D34AD006516CA /* BMICALCULATOR.app */,
			);
			name = Products;
			sourceTree = "<group>";
		};
		487A51D8297D34AD006516CA /* BMICALCULATOR */ = {
			isa = PBXGroup;
			children = (
				487A51D9297D34AD006516CA /* AppDelegate.swift */,
				487A51DB297D34AD006516CA /* SceneDelegate.swift */,
				487A51EF297D448E006516CA /* Model */,
				487A51ED297D360C006516CA /* Controller */,
				487A51EE297D3622006516CA /* View */,
				487A51E4297D34AE006516CA /* LaunchScreen.storyboard */,
				487A51E7297D34AE006516CA /* Info.plist */,
				487A51E2297D34AE006516CA /* Assets.xcassets */,
			);
			path = BMICALCULATOR;
			sourceTree = "<group>";
		};
		487A51ED297D360C006516CA /* Controller */ = {
			isa = PBXGroup;
			children = (
				487A51DD297D34AD006516CA /* CalculateViewController.swift */,
				48EF7E9B297FCBB500205B30 /* ResultViewController.swift */,
			);
			path = Controller;
			sourceTree = "<group>";
		};
		487A51EE297D3622006516CA /* View */ = {
			isa = PBXGroup;
			children = (
				487A51DF297D34AD006516CA /* Main.storyboard */,
			);
			path = View;
			sourceTree = "<group>";
		};
		487A51EF297D448E006516CA /* Model */ = {
			isa = PBXGroup;
			children = (
				48EF7E9D297FF10C00205B30 /* CalculatorBrain.swift */,
				48EB204E2986837E00D7EAC2 /* Bmi.swift */,
			);
			path = Model;
			sourceTree = "<group>";
		};
/* End PBXGroup section */

/* Begin PBXNativeTarget section */
		487A51D5297D34AD006516CA /* BMICALCULATOR */ = {
			isa = PBXNativeTarget;
			buildConfigurationList = 487A51EA297D34AE006516CA /* Build configuration list for PBXNativeTarget "BMICALCULATOR" */;
			buildPhases = (
				487A51D2297D34AD006516CA /* Sources */,
				487A51D3297D34AD006516CA /* Frameworks */,
				487A51D4297D34AD006516CA /* Resources */,
			);
			buildRules = (
			);
			dependencies = (
			);
			name = BMICALCULATOR;
			productName = BMICALCULATOR;
			productReference = 487A51D6297D34AD006516CA /* BMICALCULATOR.app */;
			productType = "com.apple.product-type.application";
		};
/* End PBXNativeTarget section */

/* Begin PBXProject section */
		487A51CE297D34AD006516CA /* Project object */ = {
			isa = PBXProject;
			attributes = {
				BuildIndependentTargetsInParallel = 1;
				LastSwiftUpdateCheck = 1420;
				LastUpgradeCheck = 1420;
				TargetAttributes = {
					487A51D5297D34AD006516CA = {
						CreatedOnToolsVersion = 14.2;
					};
				};
			};
			buildConfigurationList = 487A51D1297D34AD006516CA /* Build configuration list for PBXProject "BMICALCULATOR" */;
			compatibilityVersion = "Xcode 14.0";
			developmentRegion = en;
			hasScannedForEncodings = 0;
			knownRegions = (
				en,
				Base,
			);
			mainGroup = 487A51CD297D34AD006516CA;
			productRefGroup = 487A51D7297D34AD006516CA /* Products */;
			projectDirPath = "";
			projectRoot = "";
			targets = (
				487A51D5297D34AD006516CA /* BMICALCULATOR */,
			);
		};
/* End PBXProject section */

/* Begin PBXResourcesBuildPhase section */
		487A51D4297D34AD006516CA /* Resources */ = {
			isa = PBXResourcesBuildPhase;
			buildActionMask = 2147483647;
			files = (
				487A51E6297D34AE006516CA /* LaunchScreen.storyboard in Resources */,
				487A51E3297D34AE006516CA /* Assets.xcassets in Resources */,
				487A51E1297D34AD006516CA /* Main.storyboard in Resources */,
			);
			runOnlyForDeploymentPostprocessing = 0;
		};
/* End PBXResourcesBuildPhase section */

/* Begin PBXSourcesBuildPhase section */
		487A51D2297D34AD006516CA /* Sources */ = {
			isa = PBXSourcesBuildPhase;
			buildActionMask = 2147483647;
			files = (
				48EB204F2986837E00D7EAC2 /* Bmi.swift in Sources */,
				487A51DE297D34AD006516CA /* CalculateViewController.swift in Sources */,
				487A51DA297D34AD006516CA /* AppDelegate.swift in Sources */,
				487A51DC297D34AD006516CA /* SceneDelegate.swift in Sources */,
				48EF7E9E297FF10C00205B30 /* CalculatorBrain.swift in Sources */,
				48EF7E9C297FCBB500205B30 /* ResultViewController.swift in Sources */,
			);
			runOnlyForDeploymentPostprocessing = 0;
		};
/* End PBXSourcesBuildPhase section */

/* Begin PBXVariantGroup section */
		487A51DF297D34AD006516CA /* Main.storyboard */ = {
			isa = PBXVariantGroup;
			children = (
				487A51E0297D34AD006516CA /* Base */,
			);
			name = Main.storyboard;
			sourceTree = "<group>";
		};
		487A51E4297D34AE006516CA /* LaunchScreen.storyboard */ = {
			isa = PBXVariantGroup;
			children = (
				487A51E5297D34AE006516CA /* Base */,
			);
			name = LaunchScreen.storyboard;
			sourceTree = "<group>";
		};
/* End PBXVariantGroup section */

/* Begin XCBuildConfiguration section */
		487A51E8297D34AE006516CA /* Debug */ = {
			isa = XCBuildConfiguration;
			buildSettings = {
				ALWAYS_SEARCH_USER_PATHS = NO;
				CLANG_ANALYZER_NONNULL = YES;
				CLANG_ANALYZER_NUMBER_OBJECT_CONVERSION = YES_AGGRESSIVE;
				CLANG_CXX_LANGUAGE_STANDARD = "gnu++20";
				CLANG_ENABLE_MODULES = YES;
				CLANG_ENABLE_OBJC_ARC = YES;
				CLANG_ENABLE_OBJC_WEAK = YES;
				CLANG_WARN_BLOCK_CAPTURE_AUTORELEASING = YES;
				CLANG_WARN_BOOL_CONVERSION = YES;
				CLANG_WARN_COMMA = YES;
				CLANG_WARN_CONSTANT_CONVERSION = YES;
				CLANG_WARN_DEPRECATED_OBJC_IMPLEMENTATIONS = YES;
				CLANG_WARN_DIRECT_OBJC_ISA_USAGE = YES_ERROR;
				CLANG_WARN_DOCUMENTATION_COMMENTS = YES;
				CLANG_WARN_EMPTY_BODY = YES;
				CLANG_WARN_ENUM_CONVERSION = YES;
				CLANG_WARN_INFINITE_RECURSION = YES;
				CLANG_WARN_INT_CONVERSION = YES;
				CLANG_WARN_NON_LITERAL_NULL_CONVERSION = YES;
				CLANG_WARN_OBJC_IMPLICIT_RETAIN_SELF = YES;
				CLANG_WARN_OBJC_LITERAL_CONVERSION = YES;
				CLANG_WARN_OBJC_ROOT_CLASS = YES_ERROR;
				CLANG_WARN_QUOTED_INCLUDE_IN_FRAMEWORK_HEADER = YES;
				CLANG_WARN_RANGE_LOOP_ANALYSIS = YES;
				CLANG_WARN_STRICT_PROTOTYPES = YES;
				CLANG_WARN_SUSPICIOUS_MOVE = YES;
				CLANG_WARN_UNGUARDED_AVAILABILITY = YES_AGGRESSIVE;
				CLANG_WARN_UNREACHABLE_CODE = YES;
				CLANG_WARN__DUPLICATE_METHOD_MATCH = YES;
				COPY_PHASE_STRIP = NO;
				DEBUG_INFORMATION_FORMAT = dwarf;
				ENABLE_STRICT_OBJC_MSGSEND = YES;
				ENABLE_TESTABILITY = YES;
				GCC_C_LANGUAGE_STANDARD = gnu11;
				GCC_DYNAMIC_NO_PIC = NO;
				GCC_NO_COMMON_BLOCKS = YES;
				GCC_OPTIMIZATION_LEVEL = 0;
				GCC_PREPROCESSOR_DEFINITIONS = (
					"DEBUG=1",
					"$(inherited)",
				);
				GCC_WARN_64_TO_32_BIT_CONVERSION = YES;
				GCC_WARN_ABOUT_RETURN_TYPE = YES_ERROR;
				GCC_WARN_UNDECLARED_SELECTOR = YES;
				GCC_WARN_UNINITIALIZED_AUTOS = YES_AGGRESSIVE;
				GCC_WARN_UNUSED_FUNCTION = YES;
				GCC_WARN_UNUSED_VARIABLE = YES;
				IPHONEOS_DEPLOYMENT_TARGET = 16.2;
				MTL_ENABLE_DEBUG_INFO = INCLUDE_SOURCE;
				MTL_FAST_MATH = YES;
				ONLY_ACTIVE_ARCH = YES;
				SDKROOT = iphoneos;
				SWIFT_ACTIVE_COMPILATION_CONDITIONS = DEBUG;
				SWIFT_OPTIMIZATION_LEVEL = "-Onone";
			};
			name = Debug;
		};
		487A51E9297D34AE006516CA /* Release */ = {
			isa = XCBuildConfiguration;
			buildSettings = {
				ALWAYS_SEARCH_USER_PATHS = NO;
				CLANG_ANALYZER_NONNULL = YES;
				CLANG_ANALYZER_NUMBER_OBJECT_CONVERSION = YES_AGGRESSIVE;
				CLANG_CXX_LANGUAGE_STANDARD = "gnu++20";
				CLANG_ENABLE_MODULES = YES;
				CLANG_ENABLE_OBJC_ARC = YES;
				CLANG_ENABLE_OBJC_WEAK = YES;
				CLANG_WARN_BLOCK_CAPTURE_AUTORELEASING = YES;
				CLANG_WARN_BOOL_CONVERSION = YES;
				CLANG_WARN_COMMA = YES;
				CLANG_WARN_CONSTANT_CONVERSION = YES;
				CLANG_WARN_DEPRECATED_OBJC_IMPLEMENTATIONS = YES;
				CLANG_WARN_DIRECT_OBJC_ISA_USAGE = YES_ERROR;
				CLANG_WARN_DOCUMENTATION_COMMENTS = YES;
				CLANG_WARN_EMPTY_BODY = YES;
				CLANG_WARN_ENUM_CONVERSION = YES;
				CLANG_WARN_INFINITE_RECURSION = YES;
				CLANG_WARN_INT_CONVERSION = YES;
				CLANG_WARN_NON_LITERAL_NULL_CONVERSION = YES;
				CLANG_WARN_OBJC_IMPLICIT_RETAIN_SELF = YES;
				CLANG_WARN_OBJC_LITERAL_CONVERSION = YES;
				CLANG_WARN_OBJC_ROOT_CLASS = YES_ERROR;
				CLANG_WARN_QUOTED_INCLUDE_IN_FRAMEWORK_HEADER = YES;
				CLANG_WARN_RANGE_LOOP_ANALYSIS = YES;
				CLANG_WARN_STRICT_PROTOTYPES = YES;
				CLANG_WARN_SUSPICIOUS_MOVE = YES;
				CLANG_WARN_UNGUARDED_AVAILABILITY = YES_AGGRESSIVE;
				CLANG_WARN_UNREACHABLE_CODE = YES;
				CLANG_WARN__DUPLICATE_METHOD_MATCH = YES;
				COPY_PHASE_STRIP = NO;
				DEBUG_INFORMATION_FORMAT = "dwarf-with-dsym";
				ENABLE_NS_ASSERTIONS = NO;
				ENABLE_STRICT_OBJC_MSGSEND = YES;
				GCC_C_LANGUAGE_STANDARD = gnu11;
				GCC_NO_COMMON_BLOCKS = YES;
				GCC_WARN_64_TO_32_BIT_CONVERSION = YES;
				GCC_WARN_ABOUT_RETURN_TYPE = YES_ERROR;
				GCC_WARN_UNDECLARED_SELECTOR = YES;
				GCC_WARN_UNINITIALIZED_AUTOS = YES_AGGRESSIVE;
				GCC_WARN_UNUSED_FUNCTION = YES;
				GCC_WARN_UNUSED_VARIABLE = YES;
				IPHONEOS_DEPLOYMENT_TARGET = 16.2;
				MTL_ENABLE_DEBUG_INFO = NO;
				MTL_FAST_MATH = YES;
				SDKROOT = iphoneos;
				SWIFT_COMPILATION_MODE = wholemodule;
				SWIFT_OPTIMIZATION_LEVEL = "-O";
				VALIDATE_PRODUCT = YES;
			};
			name = Release;
		};
		487A51EB297D34AE006516CA /* Debug */ = {
			isa = XCBuildConfiguration;
			buildSettings = {
				ASSETCATALOG_COMPILER_APPICON_NAME = AppIcon;
				ASSETCATALOG_COMPILER_GLOBAL_ACCENT_COLOR_NAME = AccentColor;
				CODE_SIGN_STYLE = Automatic;
				CURRENT_PROJECT_VERSION = 1;
				GENERATE_INFOPLIST_FILE = YES;
				INFOPLIST_FILE = BMICALCULATOR/Info.plist;
				INFOPLIST_KEY_UIApplicationSupportsIndirectInputEvents = YES;
				INFOPLIST_KEY_UILaunchStoryboardName = LaunchScreen;
				INFOPLIST_KEY_UIMainStoryboardFile = Main;
				INFOPLIST_KEY_UISupportedInterfaceOrientations_iPad = "UIInterfaceOrientationPortrait UIInterfaceOrientationPortraitUpsideDown UIInterfaceOrientationLandscapeLeft UIInterfaceOrientationLandscapeRight";
				INFOPLIST_KEY_UISupportedInterfaceOrientations_iPhone = "UIInterfaceOrientationPortrait UIInterfaceOrientationLandscapeLeft UIInterfaceOrientationLandscapeRight";
				LD_RUNPATH_SEARCH_PATHS = (
					"$(inherited)",
					"@executable_path/Frameworks",
				);
				MARKETING_VERSION = 1.0;
				PRODUCT_BUNDLE_IDENTIFIER = com.yavuzyerer.BMICALCULATOR;
				PRODUCT_NAME = "$(TARGET_NAME)";
				SWIFT_EMIT_LOC_STRINGS = YES;
				SWIFT_VERSION = 5.0;
				TARGETED_DEVICE_FAMILY = "1,2";
			};
			name = Debug;
		};
		487A51EC297D34AE006516CA /* Release */ = {
			isa = XCBuildConfiguration;
			buildSettings = {
				ASSETCATALOG_COMPILER_APPICON_NAME = AppIcon;
				ASSETCATALOG_COMPILER_GLOBAL_ACCENT_COLOR_NAME = AccentColor;
				CODE_SIGN_STYLE = Automatic;
				CURRENT_PROJECT_VERSION = 1;
				GENERATE_INFOPLIST_FILE = YES;
				INFOPLIST_FILE = BMICALCULATOR/Info.plist;
				INFOPLIST_KEY_UIApplicationSupportsIndirectInputEvents = YES;
				INFOPLIST_KEY_UILaunchStoryboardName = LaunchScreen;
				INFOPLIST_KEY_UIMainStoryboardFile = Main;
				INFOPLIST_KEY_UISupportedInterfaceOrientations_iPad = "UIInterfaceOrientationPortrait UIInterfaceOrientationPortraitUpsideDown UIInterfaceOrientationLandscapeLeft UIInterfaceOrientationLandscapeRight";
				INFOPLIST_KEY_UISupportedInterfaceOrientations_iPhone = "UIInterfaceOrientationPortrait UIInterfaceOrientationLandscapeLeft UIInterfaceOrientationLandscapeRight";
				LD_RUNPATH_SEARCH_PATHS = (
					"$(inherited)",
					"@executable_path/Frameworks",
				);
				MARKETING_VERSION = 1.0;
				PRODUCT_BUNDLE_IDENTIFIER = com.yavuzyerer.BMICALCULATOR;
				PRODUCT_NAME = "$(TARGET_NAME)";
				SWIFT_EMIT_LOC_STRINGS = YES;
				SWIFT_VERSION = 5.0;
				TARGETED_DEVICE_FAMILY = "1,2";
			};
			name = Release;
		};
/* End XCBuildConfiguration section */

/* Begin XCConfigurationList section */
		487A51D1297D34AD006516CA /* Build configuration list for PBXProject "BMICALCULATOR" */ = {
			isa = XCConfigurationList;
			buildConfigurations = (
				487A51E8297D34AE006516CA /* Debug */,
				487A51E9297D34AE006516CA /* Release */,
			);
			defaultConfigurationIsVisible = 0;
			defaultConfigurationName = Release;
		};
		487A51EA297D34AE006516CA /* Build configuration list for PBXNativeTarget "BMICALCULATOR" */ = {
			isa = XCConfigurationList;
			buildConfigurations = (
				487A51EB297D34AE006516CA /* Debug */,
				487A51EC297D34AE006516CA /* Release */,
			);
			defaultConfigurationIsVisible = 0;
			defaultConfigurationName = Release;
		};
/* End XCConfigurationList section */
	};
	rootObject = 487A51CE297D34AD006516CA /* Project object */;
}
